
Microsoft Visual Studio Solution File, Format Version 12.00
# Visual Studio Version 16
VisualStudioVersion = 16.0.29709.97
MinimumVisualStudioVersion = 10.0.40219.1
Project("{FAE04EC0-301F-11D3-BF4B-00C04F79EFBC}") = "TextReader", "TextReader.csproj", "{FB54A64D-7067-4C98-9A9D-02023C4DD825}"
EndProject
Global
	GlobalSection(SolutionConfigurationPlatforms) = preSolution
		Debug|Any CPU = Debug|Any CPU
		Release|Any CPU = Release|Any CPU
	EndGlobalSection
	GlobalSection(ProjectConfigurationPlatforms) = postSolution
		{FB54A64D-7067-4C98-9A9D-02023C4DD825}.Debug|Any CPU.ActiveCfg = Debug|Any CPU
		{FB54A64D-7067-4C98-9A9D-02023C4DD825}.Debug|Any CPU.Build.0 = Debug|Any CPU
		{FB54A64D-7067-4C98-9A9D-02023C4DD825}.Release|Any CPU.ActiveCfg = Release|Any CPU
		{FB54A64D-7067-4C98-9A9D-02023C4DD825}.Release|Any CPU.Build.0 = Release|Any CPU
	EndGlobalSection
	GlobalSection(SolutionProperties) = preSolution
		HideSolutionNode = FALSE
	EndGlobalSection
	GlobalSection(ExtensibilityGlobals) = postSolution
		SolutionGuid = {5FABDB09-4202-4E65-AEB0-E6D6D1816354}
	EndGlobalSection
EndGlobal
